
Microsoft Visual Studio Solution File, Format Version 12.00
# Visual Studio Version 16
VisualStudioVersion = 16.0.30413.136
MinimumVisualStudioVersion = 10.0.40219.1
Project("{FAE04EC0-301F-11D3-BF4B-00C04F79EFBC}") = "CoreAngular8", "CoreAngular8\CoreAngular8.csproj", "{43A4AEF5-9287-4269-A599-D6459911F824}"
EndProject
Global
	GlobalSection(SolutionConfigurationPlatforms) = preSolution
		Debug|Any CPU = Debug|Any CPU
		Release|Any CPU = Release|Any CPU
	EndGlobalSection
	GlobalSection(ProjectConfigurationPlatforms) = postSolution
		{43A4AEF5-9287-4269-A599-D6459911F824}.Debug|Any CPU.ActiveCfg = Debug|Any CPU
		{43A4AEF5-9287-4269-A599-D6459911F824}.Debug|Any CPU.Build.0 = Debug|Any CPU
		{43A4AEF5-9287-4269-A599-D6459911F824}.Release|Any CPU.ActiveCfg = Release|Any CPU
		{43A4AEF5-9287-4269-A599-D6459911F824}.Release|Any CPU.Build.0 = Release|Any CPU
	EndGlobalSection
	GlobalSection(SolutionProperties) = preSolution
		HideSolutionNode = FALSE
	EndGlobalSection
	GlobalSection(ExtensibilityGlobals) = postSolution
		SolutionGuid = {6365B0FC-4C60-4278-A780-D4CC712A7066}
	EndGlobalSection
EndGlobal
